
Microsoft Visual Studio Solution File, Format Version 12.00
# Visual Studio Version 17
VisualStudioVersion = 17.9.34728.123
MinimumVisualStudioVersion = 10.0.40219.1
Project("{FAE04EC0-301F-11D3-BF4B-00C04F79EFBC}") = "HospitalManagementApi", "HospitalManagementApi\HospitalManagementApi.csproj", "{AEA70EFE-0206-4AEA-9DD4-BBAE2B9B08B0}"
EndProject
Project("{FAE04EC0-301F-11D3-BF4B-00C04F79EFBC}") = "HospitalManagementDAL", "HospitalManagementDAL\HospitalManagementDAL.csproj", "{BB30DD61-0CF2-4465-A570-7C7C05541B8B}"
EndProject
Project("{FAE04EC0-301F-11D3-BF4B-00C04F79EFBC}") = "HospitalManagementCORE", "HospitalManagementCORE\HospitalManagementCORE.csproj", "{DD97EFB1-1671-4AF6-B775-D2938EC1FB08}"
EndProject
Project("{FAE04EC0-301F-11D3-BF4B-00C04F79EFBC}") = "HospitalManagementBL", "HospitalManagementBL\HospitalManagementBL.csproj", "{33FC61CD-0469-4DA9-8DE4-395E34B55EA3}"
EndProject
Global
	GlobalSection(SolutionConfigurationPlatforms) = preSolution
		Debug|Any CPU = Debug|Any CPU
		Release|Any CPU = Release|Any CPU
	EndGlobalSection
	GlobalSection(ProjectConfigurationPlatforms) = postSolution
		{AEA70EFE-0206-4AEA-9DD4-BBAE2B9B08B0}.Debug|Any CPU.ActiveCfg = Debug|Any CPU
		{AEA70EFE-0206-4AEA-9DD4-BBAE2B9B08B0}.Debug|Any CPU.Build.0 = Debug|Any CPU
		{AEA70EFE-0206-4AEA-9DD4-BBAE2B9B08B0}.Release|Any CPU.ActiveCfg = Release|Any CPU
		{AEA70EFE-0206-4AEA-9DD4-BBAE2B9B08B0}.Release|Any CPU.Build.0 = Release|Any CPU
		{BB30DD61-0CF2-4465-A570-7C7C05541B8B}.Debug|Any CPU.ActiveCfg = Debug|Any CPU
		{BB30DD61-0CF2-4465-A570-7C7C05541B8B}.Debug|Any CPU.Build.0 = Debug|Any CPU
		{BB30DD61-0CF2-4465-A570-7C7C05541B8B}.Release|Any CPU.ActiveCfg = Release|Any CPU
		{BB30DD61-0CF2-4465-A570-7C7C05541B8B}.Release|Any CPU.Build.0 = Release|Any CPU
		{DD97EFB1-1671-4AF6-B775-D2938EC1FB08}.Debug|Any CPU.ActiveCfg = Debug|Any CPU
		{DD97EFB1-1671-4AF6-B775-D2938EC1FB08}.Debug|Any CPU.Build.0 = Debug|Any CPU
		{DD97EFB1-1671-4AF6-B775-D2938EC1FB08}.Release|Any CPU.ActiveCfg = Release|Any CPU
		{DD97EFB1-1671-4AF6-B775-D2938EC1FB08}.Release|Any CPU.Build.0 = Release|Any CPU
		{33FC61CD-0469-4DA9-8DE4-395E34B55EA3}.Debug|Any CPU.ActiveCfg = Debug|Any CPU
		{33FC61CD-0469-4DA9-8DE4-395E34B55EA3}.Debug|Any CPU.Build.0 = Debug|Any CPU
		{33FC61CD-0469-4DA9-8DE4-395E34B55EA3}.Release|Any CPU.ActiveCfg = Release|Any CPU
		{33FC61CD-0469-4DA9-8DE4-395E34B55EA3}.Release|Any CPU.Build.0 = Release|Any CPU
	EndGlobalSection
	GlobalSection(SolutionProperties) = preSolution
		HideSolutionNode = FALSE
	EndGlobalSection
	GlobalSection(ExtensibilityGlobals) = postSolution
		SolutionGuid = {CBD7194B-FD59-489C-B243-295465AC9C1D}
	EndGlobalSection
EndGlobal
